
Microsoft Visual Studio Solution File, Format Version 12.00
# Visual Studio Version 17
VisualStudioVersion = 17.4.33103.184
MinimumVisualStudioVersion = 10.0.40219.1
Project("{9A19103F-16F7-4668-BE54-9A1E7A4F7556}") = "SelecionarParaCasaPopular", "SelecionarParaCasaPopular\SelecionarParaCasaPopular.csproj", "{C07A14E2-5C37-4213-BF6D-30E074A68001}"
EndProject
Project("{9A19103F-16F7-4668-BE54-9A1E7A4F7556}") = "SelecionarParaCasaPopular.Data", "SelecionarParaCasaPopular.Data\SelecionarParaCasaPopular.Data.csproj", "{7F4118B6-9984-4F55-801E-BDF9A1F17838}"
EndProject
Project("{9A19103F-16F7-4668-BE54-9A1E7A4F7556}") = "CasaPopularTests", "CasaPopular\CasaPopularTests.csproj", "{AE628A0A-79D1-4EC9-8482-5F2CDD3484B1}"
EndProject
Project("{2150E333-8FDC-42A3-9474-1A3956D46DE8}") = "Solution Items", "Solution Items", "{EA7FD010-34A7-4961-BBBB-ABFB28A4AFC3}"
	ProjectSection(SolutionItems) = preProject
		.editorconfig = .editorconfig
	EndProjectSection
EndProject
Global
	GlobalSection(SolutionConfigurationPlatforms) = preSolution
		Debug|Any CPU = Debug|Any CPU
		Release|Any CPU = Release|Any CPU
	EndGlobalSection
	GlobalSection(ProjectConfigurationPlatforms) = postSolution
		{C07A14E2-5C37-4213-BF6D-30E074A68001}.Debug|Any CPU.ActiveCfg = Debug|Any CPU
		{C07A14E2-5C37-4213-BF6D-30E074A68001}.Debug|Any CPU.Build.0 = Debug|Any CPU
		{C07A14E2-5C37-4213-BF6D-30E074A68001}.Release|Any CPU.ActiveCfg = Release|Any CPU
		{C07A14E2-5C37-4213-BF6D-30E074A68001}.Release|Any CPU.Build.0 = Release|Any CPU
		{7F4118B6-9984-4F55-801E-BDF9A1F17838}.Debug|Any CPU.ActiveCfg = Debug|Any CPU
		{7F4118B6-9984-4F55-801E-BDF9A1F17838}.Debug|Any CPU.Build.0 = Debug|Any CPU
		{7F4118B6-9984-4F55-801E-BDF9A1F17838}.Release|Any CPU.ActiveCfg = Release|Any CPU
		{7F4118B6-9984-4F55-801E-BDF9A1F17838}.Release|Any CPU.Build.0 = Release|Any CPU
		{AE628A0A-79D1-4EC9-8482-5F2CDD3484B1}.Debug|Any CPU.ActiveCfg = Debug|Any CPU
		{AE628A0A-79D1-4EC9-8482-5F2CDD3484B1}.Debug|Any CPU.Build.0 = Debug|Any CPU
		{AE628A0A-79D1-4EC9-8482-5F2CDD3484B1}.Release|Any CPU.ActiveCfg = Release|Any CPU
		{AE628A0A-79D1-4EC9-8482-5F2CDD3484B1}.Release|Any CPU.Build.0 = Release|Any CPU
	EndGlobalSection
	GlobalSection(SolutionProperties) = preSolution
		HideSolutionNode = FALSE
	EndGlobalSection
	GlobalSection(ExtensibilityGlobals) = postSolution
		SolutionGuid = {31FE3BF2-6536-4244-9226-6011DA3CF624}
	EndGlobalSection
EndGlobal
